
Microsoft Visual Studio Solution File, Format Version 12.00
# Visual Studio Version 17
VisualStudioVersion = 17.7.34202.233
MinimumVisualStudioVersion = 10.0.40219.1
Project("{FAE04EC0-301F-11D3-BF4B-00C04F79EFBC}") = "Mentorship_CalorieTracker", "Mentorship_CalorieTracker\Mentorship_CalorieTracker.csproj", "{BA72679E-70CF-4FD3-BEAF-5B8417FFE45C}"
EndProject
Global
	GlobalSection(SolutionConfigurationPlatforms) = preSolution
		Debug|Any CPU = Debug|Any CPU
		Release|Any CPU = Release|Any CPU
	EndGlobalSection
	GlobalSection(ProjectConfigurationPlatforms) = postSolution
		{BA72679E-70CF-4FD3-BEAF-5B8417FFE45C}.Debug|Any CPU.ActiveCfg = Debug|Any CPU
		{BA72679E-70CF-4FD3-BEAF-5B8417FFE45C}.Debug|Any CPU.Build.0 = Debug|Any CPU
		{BA72679E-70CF-4FD3-BEAF-5B8417FFE45C}.Release|Any CPU.ActiveCfg = Release|Any CPU
		{BA72679E-70CF-4FD3-BEAF-5B8417FFE45C}.Release|Any CPU.Build.0 = Release|Any CPU
	EndGlobalSection
	GlobalSection(SolutionProperties) = preSolution
		HideSolutionNode = FALSE
	EndGlobalSection
	GlobalSection(ExtensibilityGlobals) = postSolution
		SolutionGuid = {67D303F1-82E6-4BD0-B03A-1B63A0317CEB}
	EndGlobalSection
EndGlobal
